# This file is automatically @generated by Cargo.
# It is not intended for manual editing.
version = 4

[[package]]
name = "aoc_runner"
version = "0.1.0"
dependencies = [
 "aoclib",
 "y2025",
]

[[package]]
name = "aoclib"
version = "0.1.0"

[[package]]
name = "y2025"
version = "0.1.0"
dependencies = [
 "aoclib",
]
